
Microsoft Visual Studio Solution File, Format Version 10.00
# Visual C# Express 2008
Project("{FAE04EC0-301F-11D3-BF4B-00C04F79EFBC}") = "13_HttpFtp", "13_HttpFtp\13_HttpFtp.csproj", "{D9D38D48-0A96-4E73-9CD6-1823EADE8971}"
EndProject
Global
	GlobalSection(SolutionConfigurationPlatforms) = preSolution
		Debug|Any CPU = Debug|Any CPU
		Release|Any CPU = Release|Any CPU
	EndGlobalSection
	GlobalSection(ProjectConfigurationPlatforms) = postSolution
		{D9D38D48-0A96-4E73-9CD6-1823EADE8971}.Debug|Any CPU.ActiveCfg = Debug|Any CPU
		{D9D38D48-0A96-4E73-9CD6-1823EADE8971}.Debug|Any CPU.Build.0 = Debug|Any CPU
		{D9D38D48-0A96-4E73-9CD6-1823EADE8971}.Release|Any CPU.ActiveCfg = Release|Any CPU
		{D9D38D48-0A96-4E73-9CD6-1823EADE8971}.Release|Any CPU.Build.0 = Release|Any CPU
	EndGlobalSection
	GlobalSection(SolutionProperties) = preSolution
		HideSolutionNode = FALSE
	EndGlobalSection
EndGlobal
